
Microsoft Visual Studio Solution File, Format Version 12.00
# Visual Studio Version 16
VisualStudioVersion = 16.0.30406.217
MinimumVisualStudioVersion = 10.0.40219.1
Project("{FAE04EC0-301F-11D3-BF4B-00C04F79EFBC}") = "AoC2020.1", "AoC2020\AoC2020.1.csproj", "{D1C3F099-C52C-47A0-A028-2193D5942F90}"
EndProject
Project("{FAE04EC0-301F-11D3-BF4B-00C04F79EFBC}") = "Common", "Common\Common.csproj", "{F20F819C-713A-4B66-9360-F8BFCB3BF363}"
EndProject
Global
	GlobalSection(SolutionConfigurationPlatforms) = preSolution
		Debug|Any CPU = Debug|Any CPU
		Release|Any CPU = Release|Any CPU
	EndGlobalSection
	GlobalSection(ProjectConfigurationPlatforms) = postSolution
		{D1C3F099-C52C-47A0-A028-2193D5942F90}.Debug|Any CPU.ActiveCfg = Debug|Any CPU
		{D1C3F099-C52C-47A0-A028-2193D5942F90}.Debug|Any CPU.Build.0 = Debug|Any CPU
		{D1C3F099-C52C-47A0-A028-2193D5942F90}.Release|Any CPU.ActiveCfg = Release|Any CPU
		{D1C3F099-C52C-47A0-A028-2193D5942F90}.Release|Any CPU.Build.0 = Release|Any CPU
		{F20F819C-713A-4B66-9360-F8BFCB3BF363}.Debug|Any CPU.ActiveCfg = Debug|Any CPU
		{F20F819C-713A-4B66-9360-F8BFCB3BF363}.Debug|Any CPU.Build.0 = Debug|Any CPU
		{F20F819C-713A-4B66-9360-F8BFCB3BF363}.Release|Any CPU.ActiveCfg = Release|Any CPU
		{F20F819C-713A-4B66-9360-F8BFCB3BF363}.Release|Any CPU.Build.0 = Release|Any CPU
	EndGlobalSection
	GlobalSection(SolutionProperties) = preSolution
		HideSolutionNode = FALSE
	EndGlobalSection
	GlobalSection(ExtensibilityGlobals) = postSolution
		SolutionGuid = {FDBB9181-EE6A-41BD-AA54-CFD11DBB3B0D}
	EndGlobalSection
EndGlobal
